
Microsoft Visual Studio Solution File, Format Version 12.00
# Visual Studio Version 17
VisualStudioVersion = 17.0.31903.59
MinimumVisualStudioVersion = 10.0.40219.1
Project("{2150E333-8FDC-42A3-9474-1A3956D46DE8}") = "src", "src", "{827E0CD3-B72D-47B6-A68D-7590B98EB39B}"
EndProject
Project("{FAE04EC0-301F-11D3-BF4B-00C04F79EFBC}") = "TrafficEvents.Core", "src\TrafficEvents.Core\TrafficEvents.Core.csproj", "{B352EB71-5A47-406C-96A5-FD0585362161}"
EndProject
Project("{FAE04EC0-301F-11D3-BF4B-00C04F79EFBC}") = "TrafficEvents.Infrastructure", "src\TrafficEvents.Infrastructure\TrafficEvents.Infrastructure.csproj", "{6E51C31E-5D48-4183-99CC-4498DB7782EB}"
EndProject
Project("{FAE04EC0-301F-11D3-BF4B-00C04F79EFBC}") = "TrafficEvents.IngestApi", "src\TrafficEvents.IngestApi\TrafficEvents.IngestApi.csproj", "{C3DF0352-0D36-4D49-9E74-F7FA8142AE02}"
EndProject
Project("{FAE04EC0-301F-11D3-BF4B-00C04F79EFBC}") = "TrafficEvents.Processor", "src\TrafficEvents.Processor\TrafficEvents.Processor.csproj", "{42105FAF-63FD-4FC6-8FFF-DEE7450C304D}"
EndProject
Project("{FAE04EC0-301F-11D3-BF4B-00C04F79EFBC}") = "TrafficEvents.QueryApi", "src\TrafficEvents.QueryApi\TrafficEvents.QueryApi.csproj", "{611FEDD6-1A7A-4F41-ABEE-19547ADFD26F}"
EndProject
Project("{FAE04EC0-301F-11D3-BF4B-00C04F79EFBC}") = "TrafficEvents.Simulator", "src\TrafficEvents.Simulator\TrafficEvents.Simulator.csproj", "{FF2ED051-0157-45AE-B4B6-2E2A96059643}"
EndProject
Project("{2150E333-8FDC-42A3-9474-1A3956D46DE8}") = "tests", "tests", "{0AB3BF05-4346-4AA6-1389-037BE0695223}"
EndProject
Project("{FAE04EC0-301F-11D3-BF4B-00C04F79EFBC}") = "TrafficEvents.UnitTests", "tests\TrafficEvents.UnitTests\TrafficEvents.UnitTests.csproj", "{1458EB43-DA5F-4AD4-8C72-9E3A6F2A699D}"
EndProject
Project("{FAE04EC0-301F-11D3-BF4B-00C04F79EFBC}") = "TrafficEvents.IntegrationTests", "tests\TrafficEvents.IntegrationTests\TrafficEvents.IntegrationTests.csproj", "{24805806-6A1B-40CB-9794-8C8D551311BE}"
EndProject
Project("{FAE04EC0-301F-11D3-BF4B-00C04F79EFBC}") = "TrafficEvents.SmokeTests", "tests\TrafficEvents.SmokeTests\TrafficEvents.SmokeTests.csproj", "{3EDC1B2D-6CD2-4A6B-B00B-AC8494CF64D0}"
EndProject
Global
	GlobalSection(SolutionConfigurationPlatforms) = preSolution
		Debug|Any CPU = Debug|Any CPU
		Debug|x64 = Debug|x64
		Debug|x86 = Debug|x86
		Release|Any CPU = Release|Any CPU
		Release|x64 = Release|x64
		Release|x86 = Release|x86
	EndGlobalSection
	GlobalSection(ProjectConfigurationPlatforms) = postSolution
		{B352EB71-5A47-406C-96A5-FD0585362161}.Debug|Any CPU.ActiveCfg = Debug|Any CPU
		{B352EB71-5A47-406C-96A5-FD0585362161}.Debug|Any CPU.Build.0 = Debug|Any CPU
		{B352EB71-5A47-406C-96A5-FD0585362161}.Debug|x64.ActiveCfg = Debug|Any CPU
		{B352EB71-5A47-406C-96A5-FD0585362161}.Debug|x64.Build.0 = Debug|Any CPU
		{B352EB71-5A47-406C-96A5-FD0585362161}.Debug|x86.ActiveCfg = Debug|Any CPU
		{B352EB71-5A47-406C-96A5-FD0585362161}.Debug|x86.Build.0 = Debug|Any CPU
		{B352EB71-5A47-406C-96A5-FD0585362161}.Release|Any CPU.ActiveCfg = Release|Any CPU
		{B352EB71-5A47-406C-96A5-FD0585362161}.Release|Any CPU.Build.0 = Release|Any CPU
		{B352EB71-5A47-406C-96A5-FD0585362161}.Release|x64.ActiveCfg = Release|Any CPU
		{B352EB71-5A47-406C-96A5-FD0585362161}.Release|x64.Build.0 = Release|Any CPU
		{B352EB71-5A47-406C-96A5-FD0585362161}.Release|x86.ActiveCfg = Release|Any CPU
		{B352EB71-5A47-406C-96A5-FD0585362161}.Release|x86.Build.0 = Release|Any CPU
		{6E51C31E-5D48-4183-99CC-4498DB7782EB}.Debug|Any CPU.ActiveCfg = Debug|Any CPU
		{6E51C31E-5D48-4183-99CC-4498DB7782EB}.Debug|Any CPU.Build.0 = Debug|Any CPU
		{6E51C31E-5D48-4183-99CC-4498DB7782EB}.Debug|x64.ActiveCfg = Debug|Any CPU
		{6E51C31E-5D48-4183-99CC-4498DB7782EB}.Debug|x64.Build.0 = Debug|Any CPU
		{6E51C31E-5D48-4183-99CC-4498DB7782EB}.Debug|x86.ActiveCfg = Debug|Any CPU
		{6E51C31E-5D48-4183-99CC-4498DB7782EB}.Debug|x86.Build.0 = Debug|Any CPU
		{6E51C31E-5D48-4183-99CC-4498DB7782EB}.Release|Any CPU.ActiveCfg = Release|Any CPU
		{6E51C31E-5D48-4183-99CC-4498DB7782EB}.Release|Any CPU.Build.0 = Release|Any CPU
		{6E51C31E-5D48-4183-99CC-4498DB7782EB}.Release|x64.ActiveCfg = Release|Any CPU
		{6E51C31E-5D48-4183-99CC-4498DB7782EB}.Release|x64.Build.0 = Release|Any CPU
		{6E51C31E-5D48-4183-99CC-4498DB7782EB}.Release|x86.ActiveCfg = Release|Any CPU
		{6E51C31E-5D48-4183-99CC-4498DB7782EB}.Release|x86.Build.0 = Release|Any CPU
		{C3DF0352-0D36-4D49-9E74-F7FA8142AE02}.Debug|Any CPU.ActiveCfg = Debug|Any CPU
		{C3DF0352-0D36-4D49-9E74-F7FA8142AE02}.Debug|Any CPU.Build.0 = Debug|Any CPU
		{C3DF0352-0D36-4D49-9E74-F7FA8142AE02}.Debug|x64.ActiveCfg = Debug|Any CPU
		{C3DF0352-0D36-4D49-9E74-F7FA8142AE02}.Debug|x64.Build.0 = Debug|Any CPU
		{C3DF0352-0D36-4D49-9E74-F7FA8142AE02}.Debug|x86.ActiveCfg = Debug|Any CPU
		{C3DF0352-0D36-4D49-9E74-F7FA8142AE02}.Debug|x86.Build.0 = Debug|Any CPU
		{C3DF0352-0D36-4D49-9E74-F7FA8142AE02}.Release|Any CPU.ActiveCfg = Release|Any CPU
		{C3DF0352-0D36-4D49-9E74-F7FA8142AE02}.Release|Any CPU.Build.0 = Release|Any CPU
		{C3DF0352-0D36-4D49-9E74-F7FA8142AE02}.Release|x64.ActiveCfg = Release|Any CPU
		{C3DF0352-0D36-4D49-9E74-F7FA8142AE02}.Release|x64.Build.0 = Release|Any CPU
		{C3DF0352-0D36-4D49-9E74-F7FA8142AE02}.Release|x86.ActiveCfg = Release|Any CPU
		{C3DF0352-0D36-4D49-9E74-F7FA8142AE02}.Release|x86.Build.0 = Release|Any CPU
		{42105FAF-63FD-4FC6-8FFF-DEE7450C304D}.Debug|Any CPU.ActiveCfg = Debug|Any CPU
		{42105FAF-63FD-4FC6-8FFF-DEE7450C304D}.Debug|Any CPU.Build.0 = Debug|Any CPU
		{42105FAF-63FD-4FC6-8FFF-DEE7450C304D}.Debug|x64.ActiveCfg = Debug|Any CPU
		{42105FAF-63FD-4FC6-8FFF-DEE7450C304D}.Debug|x64.Build.0 = Debug|Any CPU
		{42105FAF-63FD-4FC6-8FFF-DEE7450C304D}.Debug|x86.ActiveCfg = Debug|Any CPU
		{42105FAF-63FD-4FC6-8FFF-DEE7450C304D}.Debug|x86.Build.0 = Debug|Any CPU
		{42105FAF-63FD-4FC6-8FFF-DEE7450C304D}.Release|Any CPU.ActiveCfg = Release|Any CPU
		{42105FAF-63FD-4FC6-8FFF-DEE7450C304D}.Release|Any CPU.Build.0 = Release|Any CPU
		{42105FAF-63FD-4FC6-8FFF-DEE7450C304D}.Release|x64.ActiveCfg = Release|Any CPU
		{42105FAF-63FD-4FC6-8FFF-DEE7450C304D}.Release|x64.Build.0 = Release|Any CPU
		{42105FAF-63FD-4FC6-8FFF-DEE7450C304D}.Release|x86.ActiveCfg = Release|Any CPU
		{42105FAF-63FD-4FC6-8FFF-DEE7450C304D}.Release|x86.Build.0 = Release|Any CPU
		{611FEDD6-1A7A-4F41-ABEE-19547ADFD26F}.Debug|Any CPU.ActiveCfg = Debug|Any CPU
		{611FEDD6-1A7A-4F41-ABEE-19547ADFD26F}.Debug|Any CPU.Build.0 = Debug|Any CPU
		{611FEDD6-1A7A-4F41-ABEE-19547ADFD26F}.Debug|x64.ActiveCfg = Debug|Any CPU
		{611FEDD6-1A7A-4F41-ABEE-19547ADFD26F}.Debug|x64.Build.0 = Debug|Any CPU
		{611FEDD6-1A7A-4F41-ABEE-19547ADFD26F}.Debug|x86.ActiveCfg = Debug|Any CPU
		{611FEDD6-1A7A-4F41-ABEE-19547ADFD26F}.Debug|x86.Build.0 = Debug|Any CPU
		{611FEDD6-1A7A-4F41-ABEE-19547ADFD26F}.Release|Any CPU.ActiveCfg = Release|Any CPU
		{611FEDD6-1A7A-4F41-ABEE-19547ADFD26F}.Release|Any CPU.Build.0 = Release|Any CPU
		{611FEDD6-1A7A-4F41-ABEE-19547ADFD26F}.Release|x64.ActiveCfg = Release|Any CPU
		{611FEDD6-1A7A-4F41-ABEE-19547ADFD26F}.Release|x64.Build.0 = Release|Any CPU
		{611FEDD6-1A7A-4F41-ABEE-19547ADFD26F}.Release|x86.ActiveCfg = Release|Any CPU
		{611FEDD6-1A7A-4F41-ABEE-19547ADFD26F}.Release|x86.Build.0 = Release|Any CPU
		{FF2ED051-0157-45AE-B4B6-2E2A96059643}.Debug|Any CPU.ActiveCfg = Debug|Any CPU
		{FF2ED051-0157-45AE-B4B6-2E2A96059643}.Debug|Any CPU.Build.0 = Debug|Any CPU
		{FF2ED051-0157-45AE-B4B6-2E2A96059643}.Debug|x64.ActiveCfg = Debug|Any CPU
		{FF2ED051-0157-45AE-B4B6-2E2A96059643}.Debug|x64.Build.0 = Debug|Any CPU
		{FF2ED051-0157-45AE-B4B6-2E2A96059643}.Debug|x86.ActiveCfg = Debug|Any CPU
		{FF2ED051-0157-45AE-B4B6-2E2A96059643}.Debug|x86.Build.0 = Debug|Any CPU
		{FF2ED051-0157-45AE-B4B6-2E2A96059643}.Release|Any CPU.ActiveCfg = Release|Any CPU
		{FF2ED051-0157-45AE-B4B6-2E2A96059643}.Release|Any CPU.Build.0 = Release|Any CPU
		{FF2ED051-0157-45AE-B4B6-2E2A96059643}.Release|x64.ActiveCfg = Release|Any CPU
		{FF2ED051-0157-45AE-B4B6-2E2A96059643}.Release|x64.Build.0 = Release|Any CPU
		{FF2ED051-0157-45AE-B4B6-2E2A96059643}.Release|x86.ActiveCfg = Release|Any CPU
		{FF2ED051-0157-45AE-B4B6-2E2A96059643}.Release|x86.Build.0 = Release|Any CPU
		{1458EB43-DA5F-4AD4-8C72-9E3A6F2A699D}.Debug|Any CPU.ActiveCfg = Debug|Any CPU
		{1458EB43-DA5F-4AD4-8C72-9E3A6F2A699D}.Debug|Any CPU.Build.0 = Debug|Any CPU
		{1458EB43-DA5F-4AD4-8C72-9E3A6F2A699D}.Debug|x64.ActiveCfg = Debug|Any CPU
		{1458EB43-DA5F-4AD4-8C72-9E3A6F2A699D}.Debug|x64.Build.0 = Debug|Any CPU
		{1458EB43-DA5F-4AD4-8C72-9E3A6F2A699D}.Debug|x86.ActiveCfg = Debug|Any CPU
		{1458EB43-DA5F-4AD4-8C72-9E3A6F2A699D}.Debug|x86.Build.0 = Debug|Any CPU
		{1458EB43-DA5F-4AD4-8C72-9E3A6F2A699D}.Release|Any CPU.ActiveCfg = Release|Any CPU
		{1458EB43-DA5F-4AD4-8C72-9E3A6F2A699D}.Release|Any CPU.Build.0 = Release|Any CPU
		{1458EB43-DA5F-4AD4-8C72-9E3A6F2A699D}.Release|x64.ActiveCfg = Release|Any CPU
		{1458EB43-DA5F-4AD4-8C72-9E3A6F2A699D}.Release|x64.Build.0 = Release|Any CPU
		{1458EB43-DA5F-4AD4-8C72-9E3A6F2A699D}.Release|x86.ActiveCfg = Release|Any CPU
		{1458EB43-DA5F-4AD4-8C72-9E3A6F2A699D}.Release|x86.Build.0 = Release|Any CPU
		{24805806-6A1B-40CB-9794-8C8D551311BE}.Debug|Any CPU.ActiveCfg = Debug|Any CPU
		{24805806-6A1B-40CB-9794-8C8D551311BE}.Debug|Any CPU.Build.0 = Debug|Any CPU
		{24805806-6A1B-40CB-9794-8C8D551311BE}.Debug|x64.ActiveCfg = Debug|Any CPU
		{24805806-6A1B-40CB-9794-8C8D551311BE}.Debug|x64.Build.0 = Debug|Any CPU
		{24805806-6A1B-40CB-9794-8C8D551311BE}.Debug|x86.ActiveCfg = Debug|Any CPU
		{24805806-6A1B-40CB-9794-8C8D551311BE}.Debug|x86.Build.0 = Debug|Any CPU
		{24805806-6A1B-40CB-9794-8C8D551311BE}.Release|Any CPU.ActiveCfg = Release|Any CPU
		{24805806-6A1B-40CB-9794-8C8D551311BE}.Release|Any CPU.Build.0 = Release|Any CPU
		{24805806-6A1B-40CB-9794-8C8D551311BE}.Release|x64.ActiveCfg = Release|Any CPU
		{24805806-6A1B-40CB-9794-8C8D551311BE}.Release|x64.Build.0 = Release|Any CPU
		{24805806-6A1B-40CB-9794-8C8D551311BE}.Release|x86.ActiveCfg = Release|Any CPU
		{24805806-6A1B-40CB-9794-8C8D551311BE}.Release|x86.Build.0 = Release|Any CPU
		{3EDC1B2D-6CD2-4A6B-B00B-AC8494CF64D0}.Debug|Any CPU.ActiveCfg = Debug|Any CPU
		{3EDC1B2D-6CD2-4A6B-B00B-AC8494CF64D0}.Debug|Any CPU.Build.0 = Debug|Any CPU
		{3EDC1B2D-6CD2-4A6B-B00B-AC8494CF64D0}.Debug|x64.ActiveCfg = Debug|Any CPU
		{3EDC1B2D-6CD2-4A6B-B00B-AC8494CF64D0}.Debug|x64.Build.0 = Debug|Any CPU
		{3EDC1B2D-6CD2-4A6B-B00B-AC8494CF64D0}.Debug|x86.ActiveCfg = Debug|Any CPU
		{3EDC1B2D-6CD2-4A6B-B00B-AC8494CF64D0}.Debug|x86.Build.0 = Debug|Any CPU
		{3EDC1B2D-6CD2-4A6B-B00B-AC8494CF64D0}.Release|Any CPU.ActiveCfg = Release|Any CPU
		{3EDC1B2D-6CD2-4A6B-B00B-AC8494CF64D0}.Release|Any CPU.Build.0 = Release|Any CPU
		{3EDC1B2D-6CD2-4A6B-B00B-AC8494CF64D0}.Release|x64.ActiveCfg = Release|Any CPU
		{3EDC1B2D-6CD2-4A6B-B00B-AC8494CF64D0}.Release|x64.Build.0 = Release|Any CPU
		{3EDC1B2D-6CD2-4A6B-B00B-AC8494CF64D0}.Release|x86.ActiveCfg = Release|Any CPU
		{3EDC1B2D-6CD2-4A6B-B00B-AC8494CF64D0}.Release|x86.Build.0 = Release|Any CPU
	EndGlobalSection
	GlobalSection(SolutionProperties) = preSolution
		HideSolutionNode = FALSE
	EndGlobalSection
	GlobalSection(NestedProjects) = preSolution
		{B352EB71-5A47-406C-96A5-FD0585362161} = {827E0CD3-B72D-47B6-A68D-7590B98EB39B}
		{6E51C31E-5D48-4183-99CC-4498DB7782EB} = {827E0CD3-B72D-47B6-A68D-7590B98EB39B}
		{C3DF0352-0D36-4D49-9E74-F7FA8142AE02} = {827E0CD3-B72D-47B6-A68D-7590B98EB39B}
		{42105FAF-63FD-4FC6-8FFF-DEE7450C304D} = {827E0CD3-B72D-47B6-A68D-7590B98EB39B}
		{611FEDD6-1A7A-4F41-ABEE-19547ADFD26F} = {827E0CD3-B72D-47B6-A68D-7590B98EB39B}
		{FF2ED051-0157-45AE-B4B6-2E2A96059643} = {827E0CD3-B72D-47B6-A68D-7590B98EB39B}
		{1458EB43-DA5F-4AD4-8C72-9E3A6F2A699D} = {0AB3BF05-4346-4AA6-1389-037BE0695223}
		{24805806-6A1B-40CB-9794-8C8D551311BE} = {0AB3BF05-4346-4AA6-1389-037BE0695223}
		{3EDC1B2D-6CD2-4A6B-B00B-AC8494CF64D0} = {0AB3BF05-4346-4AA6-1389-037BE0695223}
	EndGlobalSection
EndGlobal
